
Microsoft Visual Studio Solution File, Format Version 12.00
# Visual Studio 15
VisualStudioVersion = 15.0.28307.136
MinimumVisualStudioVersion = 10.0.40219.1
Project("{FAE04EC0-301F-11D3-BF4B-00C04F79EFBC}") = "GryphonNetCore", "GryphonNetCore\GryphonNetCore.csproj", "{786ED3D8-0CC8-4DB3-8C43-07446FB1AC0F}"
EndProject
Project("{FAE04EC0-301F-11D3-BF4B-00C04F79EFBC}") = "GryphonNetFramework", "GryphonNetFramework\GryphonNetFramework.csproj", "{2AEB39D3-345C-4E28-BC05-605D248F1BE0}"
EndProject
Project("{FAE04EC0-301F-11D3-BF4B-00C04F79EFBC}") = "Gryphon", "Gryphon\Gryphon.csproj", "{CFB381E5-8A7D-4400-835D-E730878E2B31}"
EndProject
Project("{FAE04EC0-301F-11D3-BF4B-00C04F79EFBC}") = "GryphonNetCoreLauncher", "GryphonNetCoreLauncher\GryphonNetCoreLauncher.csproj", "{EE279967-D6D3-4136-9BEF-15BAA7491F59}"
EndProject
Project("{FAE04EC0-301F-11D3-BF4B-00C04F79EFBC}") = "GryphonNetFrameworkLauncher", "GryphonNetFrameworkLauncher\GryphonNetFrameworkLauncher.csproj", "{1CA0508A-49E8-4423-8026-CCDE7A30AA77}"
EndProject
Global
	GlobalSection(SolutionConfigurationPlatforms) = preSolution
		Debug|Any CPU = Debug|Any CPU
		Release|Any CPU = Release|Any CPU
	EndGlobalSection
	GlobalSection(ProjectConfigurationPlatforms) = postSolution
		{786ED3D8-0CC8-4DB3-8C43-07446FB1AC0F}.Debug|Any CPU.ActiveCfg = Debug|Any CPU
		{786ED3D8-0CC8-4DB3-8C43-07446FB1AC0F}.Debug|Any CPU.Build.0 = Debug|Any CPU
		{786ED3D8-0CC8-4DB3-8C43-07446FB1AC0F}.Release|Any CPU.ActiveCfg = Release|Any CPU
		{786ED3D8-0CC8-4DB3-8C43-07446FB1AC0F}.Release|Any CPU.Build.0 = Release|Any CPU
		{2AEB39D3-345C-4E28-BC05-605D248F1BE0}.Debug|Any CPU.ActiveCfg = Debug|Any CPU
		{2AEB39D3-345C-4E28-BC05-605D248F1BE0}.Debug|Any CPU.Build.0 = Debug|Any CPU
		{2AEB39D3-345C-4E28-BC05-605D248F1BE0}.Release|Any CPU.ActiveCfg = Release|Any CPU
		{2AEB39D3-345C-4E28-BC05-605D248F1BE0}.Release|Any CPU.Build.0 = Release|Any CPU
		{CFB381E5-8A7D-4400-835D-E730878E2B31}.Debug|Any CPU.ActiveCfg = Debug|Any CPU
		{CFB381E5-8A7D-4400-835D-E730878E2B31}.Debug|Any CPU.Build.0 = Debug|Any CPU
		{CFB381E5-8A7D-4400-835D-E730878E2B31}.Release|Any CPU.ActiveCfg = Release|Any CPU
		{CFB381E5-8A7D-4400-835D-E730878E2B31}.Release|Any CPU.Build.0 = Release|Any CPU
		{EE279967-D6D3-4136-9BEF-15BAA7491F59}.Debug|Any CPU.ActiveCfg = Debug|Any CPU
		{EE279967-D6D3-4136-9BEF-15BAA7491F59}.Debug|Any CPU.Build.0 = Debug|Any CPU
		{EE279967-D6D3-4136-9BEF-15BAA7491F59}.Release|Any CPU.ActiveCfg = Release|Any CPU
		{EE279967-D6D3-4136-9BEF-15BAA7491F59}.Release|Any CPU.Build.0 = Release|Any CPU
		{1CA0508A-49E8-4423-8026-CCDE7A30AA77}.Debug|Any CPU.ActiveCfg = Debug|Any CPU
		{1CA0508A-49E8-4423-8026-CCDE7A30AA77}.Debug|Any CPU.Build.0 = Debug|Any CPU
		{1CA0508A-49E8-4423-8026-CCDE7A30AA77}.Release|Any CPU.ActiveCfg = Release|Any CPU
		{1CA0508A-49E8-4423-8026-CCDE7A30AA77}.Release|Any CPU.Build.0 = Release|Any CPU
	EndGlobalSection
	GlobalSection(SolutionProperties) = preSolution
		HideSolutionNode = FALSE
	EndGlobalSection
	GlobalSection(ExtensibilityGlobals) = postSolution
		SolutionGuid = {9477932F-6176-43AF-A470-36500E8EE1EC}
	EndGlobalSection
EndGlobal
